// !$*UTF8*$!
{
	archiveVersion = 1;
	classes = {
	};
	objectVersion = 46;
	objects = {

/* Begin PBXBuildFile section */
		4C40793E1F18302200F9F49E /* AppDelegate.swift in Sources */ = {isa = PBXBuildFile; fileRef = 4C40793D1F18302200F9F49E /* AppDelegate.swift */; };
		4C4079401F18302200F9F49E /* ViewController.swift in Sources */ = {isa = PBXBuildFile; fileRef = 4C40793F1F18302200F9F49E /* ViewController.swift */; };
		4C4079461F18302200F9F49E /* fbMessenger.xcdatamodeld in Sources */ = {isa = PBXBuildFile; fileRef = 4C4079441F18302200F9F49E /* fbMessenger.xcdatamodeld */; };
		4C4079481F18302200F9F49E /* Assets.xcassets in Resources */ = {isa = PBXBuildFile; fileRef = 4C4079471F18302200F9F49E /* Assets.xcassets */; };
		4C40794B1F18302200F9F49E /* LaunchScreen.storyboard in Resources */ = {isa = PBXBuildFile; fileRef = 4C4079491F18302200F9F49E /* LaunchScreen.storyboard */; };
		4C4079541F1848F600F9F49E /* ConstraintsExtension.swift in Sources */ = {isa = PBXBuildFile; fileRef = 4C4079531F1848F600F9F49E /* ConstraintsExtension.swift */; };
		4C797DA01F1EBB4A005C005F /* ReadMe in Resources */ = {isa = PBXBuildFile; fileRef = 4C797D9F1F1EBB4A005C005F /* ReadMe */; };
		4C797DA21F1ED2AD005C005F /* FriendsControllerHelper.swift in Sources */ = {isa = PBXBuildFile; fileRef = 4C797DA11F1ED2AD005C005F /* FriendsControllerHelper.swift */; };
		4C797DC01F1EDACB005C005F /* Message+CoreDataClass.swift in Sources */ = {isa = PBXBuildFile; fileRef = 4C797DBC1F1EDACB005C005F /* Message+CoreDataClass.swift */; };
		4C797DC11F1EDACB005C005F /* Message+CoreDataProperties.swift in Sources */ = {isa = PBXBuildFile; fileRef = 4C797DBD1F1EDACB005C005F /* Message+CoreDataProperties.swift */; };
		4C797DC21F1EDACB005C005F /* Friend+CoreDataClass.swift in Sources */ = {isa = PBXBuildFile; fileRef = 4C797DBE1F1EDACB005C005F /* Friend+CoreDataClass.swift */; };
		4C797DC31F1EDACB005C005F /* Friend+CoreDataProperties.swift in Sources */ = {isa = PBXBuildFile; fileRef = 4C797DBF1F1EDACB005C005F /* Friend+CoreDataProperties.swift */; };
		4C797DC51F1F08C0005C005F /* ChatLogController.swift in Sources */ = {isa = PBXBuildFile; fileRef = 4C797DC41F1F08C0005C005F /* ChatLogController.swift */; };
		4CF639041F204335006B99AA /* CustomTabBarController.swift in Sources */ = {isa = PBXBuildFile; fileRef = 4CF639031F204335006B99AA /* CustomTabBarController.swift */; };
/* End PBXBuildFile section */

/* Begin PBXFileReference section */
		4C40793A1F18302200F9F49E /* fbMessenger.app */ = {isa = PBXFileReference; explicitFileType = wrapper.application; includeInIndex = 0; path = fbMessenger.app; sourceTree = BUILT_PRODUCTS_DIR; };
		4C40793D1F18302200F9F49E /* AppDelegate.swift */ = {isa = PBXFileReference; lastKnownFileType = sourcecode.swift; path = AppDelegate.swift; sourceTree = "<group>"; };
		4C40793F1F18302200F9F49E /* ViewController.swift */ = {isa = PBXFileReference; lastKnownFileType = sourcecode.swift; path = ViewController.swift; sourceTree = "<group>"; };
		4C4079451F18302200F9F49E /* fbMessenger.xcdatamodel */ = {isa = PBXFileReference; lastKnownFileType = wrapper.xcdatamodel; path = fbMessenger.xcdatamodel; sourceTree = "<group>"; };
		4C4079471F18302200F9F49E /* Assets.xcassets */ = {isa = PBXFileReference; lastKnownFileType = folder.assetcatalog; path = Assets.xcassets; sourceTree = "<group>"; };
		4C40794A1F18302200F9F49E /* Base */ = {isa = PBXFileReference; lastKnownFileType = file.storyboard; name = Base; path = Base.lproj/LaunchScreen.storyboard; sourceTree = "<group>"; };
		4C40794C1F18302200F9F49E /* Info.plist */ = {isa = PBXFileReference; lastKnownFileType = text.plist.xml; path = Info.plist; sourceTree = "<group>"; };
		4C4079531F1848F600F9F49E /* ConstraintsExtension.swift */ = {isa = PBXFileReference; fileEncoding = 4; lastKnownFileType = sourcecode.swift; path = ConstraintsExtension.swift; sourceTree = "<group>"; };
		4C797D9F1F1EBB4A005C005F /* ReadMe */ = {isa = PBXFileReference; fileEncoding = 4; lastKnownFileType = text; path = ReadMe; sourceTree = "<group>"; };
		4C797DA11F1ED2AD005C005F /* FriendsControllerHelper.swift */ = {isa = PBXFileReference; fileEncoding = 4; lastKnownFileType = sourcecode.swift; path = FriendsControllerHelper.swift; sourceTree = "<group>"; };
		4C797DBC1F1EDACB005C005F /* Message+CoreDataClass.swift */ = {isa = PBXFileReference; fileEncoding = 4; lastKnownFileType = sourcecode.swift; path = "Message+CoreDataClass.swift"; sourceTree = "<group>"; };
		4C797DBD1F1EDACB005C005F /* Message+CoreDataProperties.swift */ = {isa = PBXFileReference; fileEncoding = 4; lastKnownFileType = sourcecode.swift; path = "Message+CoreDataProperties.swift"; sourceTree = "<group>"; };
		4C797DBE1F1EDACB005C005F /* Friend+CoreDataClass.swift */ = {isa = PBXFileReference; fileEncoding = 4; lastKnownFileType = sourcecode.swift; path = "Friend+CoreDataClass.swift"; sourceTree = "<group>"; };
		4C797DBF1F1EDACB005C005F /* Friend+CoreDataProperties.swift */ = {isa = PBXFileReference; fileEncoding = 4; lastKnownFileType = sourcecode.swift; path = "Friend+CoreDataProperties.swift"; sourceTree = "<group>"; };
		4C797DC41F1F08C0005C005F /* ChatLogController.swift */ = {isa = PBXFileReference; fileEncoding = 4; lastKnownFileType = sourcecode.swift; path = ChatLogController.swift; sourceTree = "<group>"; };
		4CF639031F204335006B99AA /* CustomTabBarController.swift */ = {isa = PBXFileReference; fileEncoding = 4; lastKnownFileType = sourcecode.swift; path = CustomTabBarController.swift; sourceTree = "<group>"; };
/* End PBXFileReference section */

/* Begin PBXFrameworksBuildPhase section */
		4C4079371F18302200F9F49E /* Frameworks */ = {
			isa = PBXFrameworksBuildPhase;
			buildActionMask = 2147483647;
			files = (
			);
			runOnlyForDeploymentPostprocessing = 0;
		};
/* End PBXFrameworksBuildPhase section */

/* Begin PBXGroup section */
		4C4079311F18302200F9F49E = {
			isa = PBXGroup;
			children = (
				4C40793C1F18302200F9F49E /* fbMessenger */,
				4C40793B1F18302200F9F49E /* Products */,
			);
			sourceTree = "<group>";
		};
		4C40793B1F18302200F9F49E /* Products */ = {
			isa = PBXGroup;
			children = (
				4C40793A1F18302200F9F49E /* fbMessenger.app */,
			);
			name = Products;
			sourceTree = "<group>";
		};
		4C40793C1F18302200F9F49E /* fbMessenger */ = {
			isa = PBXGroup;
			children = (
				4C40793D1F18302200F9F49E /* AppDelegate.swift */,
				4C40793F1F18302200F9F49E /* ViewController.swift */,
				4C797DA11F1ED2AD005C005F /* FriendsControllerHelper.swift */,
				4C797DC41F1F08C0005C005F /* ChatLogController.swift */,
				4CF639031F204335006B99AA /* CustomTabBarController.swift */,
				4C4079521F1848D500F9F49E /* Extenstions */,
				4C4079471F18302200F9F49E /* Assets.xcassets */,
				4C4079491F18302200F9F49E /* LaunchScreen.storyboard */,
				4C40794C1F18302200F9F49E /* Info.plist */,
				4C4079441F18302200F9F49E /* fbMessenger.xcdatamodeld */,
				4C797DAB1F1ED6D7005C005F /* Core Data */,
				4C797D9F1F1EBB4A005C005F /* ReadMe */,
			);
			path = fbMessenger;
			sourceTree = "<group>";
		};
		4C4079521F1848D500F9F49E /* Extenstions */ = {
			isa = PBXGroup;
			children = (
				4C4079531F1848F600F9F49E /* ConstraintsExtension.swift */,
			);
			name = Extenstions;
			sourceTree = "<group>";
		};
		4C797DAB1F1ED6D7005C005F /* Core Data */ = {
			isa = PBXGroup;
			children = (
				4C797DBC1F1EDACB005C005F /* Message+CoreDataClass.swift */,
				4C797DBD1F1EDACB005C005F /* Message+CoreDataProperties.swift */,
				4C797DBE1F1EDACB005C005F /* Friend+CoreDataClass.swift */,
				4C797DBF1F1EDACB005C005F /* Friend+CoreDataProperties.swift */,
			);
			name = "Core Data";
			sourceTree = "<group>";
		};
/* End PBXGroup section */

/* Begin PBXNativeTarget section */
		4C4079391F18302200F9F49E /* fbMessenger */ = {
			isa = PBXNativeTarget;
			buildConfigurationList = 4C40794F1F18302200F9F49E /* Build configuration list for PBXNativeTarget "fbMessenger" */;
			buildPhases = (
				4C4079361F18302200F9F49E /* Sources */,
				4C4079371F18302200F9F49E /* Frameworks */,
				4C4079381F18302200F9F49E /* Resources */,
			);
			buildRules = (
			);
			dependencies = (
			);
			name = fbMessenger;
			productName = fbMessenger;
			productReference = 4C40793A1F18302200F9F49E /* fbMessenger.app */;
			productType = "com.apple.product-type.application";
		};
/* End PBXNativeTarget section */

/* Begin PBXProject section */
		4C4079321F18302200F9F49E /* Project object */ = {
			isa = PBXProject;
			attributes = {
				LastSwiftUpdateCheck = 0830;
				LastUpgradeCheck = 0830;
				ORGANIZATIONNAME = "Michael Lema";
				TargetAttributes = {
					4C4079391F18302200F9F49E = {
						CreatedOnToolsVersion = 8.3.3;
						DevelopmentTeam = MFNQ54N2S6;
						ProvisioningStyle = Automatic;
					};
				};
			};
			buildConfigurationList = 4C4079351F18302200F9F49E /* Build configuration list for PBXProject "fbMessenger" */;
			compatibilityVersion = "Xcode 3.2";
			developmentRegion = English;
			hasScannedForEncodings = 0;
			knownRegions = (
				en,
				Base,
			);
			mainGroup = 4C4079311F18302200F9F49E;
			productRefGroup = 4C40793B1F18302200F9F49E /* Products */;
			projectDirPath = "";
			projectRoot = "";
			targets = (
				4C4079391F18302200F9F49E /* fbMessenger */,
			);
		};
/* End PBXProject section */

/* Begin PBXResourcesBuildPhase section */
		4C4079381F18302200F9F49E /* Resources */ = {
			isa = PBXResourcesBuildPhase;
			buildActionMask = 2147483647;
			files = (
				4C40794B1F18302200F9F49E /* LaunchScreen.storyboard in Resources */,
				4C4079481F18302200F9F49E /* Assets.xcassets in Resources */,
				4C797DA01F1EBB4A005C005F /* ReadMe in Resources */,
			);
			runOnlyForDeploymentPostprocessing = 0;
		};
/* End PBXResourcesBuildPhase section */

/* Begin PBXSourcesBuildPhase section */
		4C4079361F18302200F9F49E /* Sources */ = {
			isa = PBXSourcesBuildPhase;
			buildActionMask = 2147483647;
			files = (
				4C797DC51F1F08C0005C005F /* ChatLogController.swift in Sources */,
				4C4079401F18302200F9F49E /* ViewController.swift in Sources */,
				4C797DC21F1EDACB005C005F /* Friend+CoreDataClass.swift in Sources */,
				4C797DC31F1EDACB005C005F /* Friend+CoreDataProperties.swift in Sources */,
				4C4079461F18302200F9F49E /* fbMessenger.xcdatamodeld in Sources */,
				4CF639041F204335006B99AA /* CustomTabBarController.swift in Sources */,
				4C4079541F1848F600F9F49E /* ConstraintsExtension.swift in Sources */,
				4C797DC01F1EDACB005C005F /* Message+CoreDataClass.swift in Sources */,
				4C797DC11F1EDACB005C005F /* Message+CoreDataProperties.swift in Sources */,
				4C40793E1F18302200F9F49E /* AppDelegate.swift in Sources */,
				4C797DA21F1ED2AD005C005F /* FriendsControllerHelper.swift in Sources */,
			);
			runOnlyForDeploymentPostprocessing = 0;
		};
/* End PBXSourcesBuildPhase section */

/* Begin PBXVariantGroup section */
		4C4079491F18302200F9F49E /* LaunchScreen.storyboard */ = {
			isa = PBXVariantGroup;
			children = (
				4C40794A1F18302200F9F49E /* Base */,
			);
			name = LaunchScreen.storyboard;
			sourceTree = "<group>";
		};
/* End PBXVariantGroup section */

/* Begin XCBuildConfiguration section */
		4C40794D1F18302200F9F49E /* Debug */ = {
			isa = XCBuildConfiguration;
			buildSettings = {
				ALWAYS_SEARCH_USER_PATHS = NO;
				CLANG_ANALYZER_NONNULL = YES;
				CLANG_ANALYZER_NUMBER_OBJECT_CONVERSION = YES_AGGRESSIVE;
				CLANG_CXX_LANGUAGE_STANDARD = "gnu++0x";
				CLANG_CXX_LIBRARY = "libc++";
				CLANG_ENABLE_MODULES = YES;
				CLANG_ENABLE_OBJC_ARC = YES;
				CLANG_WARN_BOOL_CONVERSION = YES;
				CLANG_WARN_CONSTANT_CONVERSION = YES;
				CLANG_WARN_DIRECT_OBJC_ISA_USAGE = YES_ERROR;
				CLANG_WARN_DOCUMENTATION_COMMENTS = YES;
				CLANG_WARN_EMPTY_BODY = YES;
				CLANG_WARN_ENUM_CONVERSION = YES;
				CLANG_WARN_INFINITE_RECURSION = YES;
				CLANG_WARN_INT_CONVERSION = YES;
				CLANG_WARN_OBJC_ROOT_CLASS = YES_ERROR;
				CLANG_WARN_SUSPICIOUS_MOVE = YES;
				CLANG_WARN_UNREACHABLE_CODE = YES;
				CLANG_WARN__DUPLICATE_METHOD_MATCH = YES;
				"CODE_SIGN_IDENTITY[sdk=iphoneos*]" = "iPhone Developer";
				COPY_PHASE_STRIP = NO;
				DEBUG_INFORMATION_FORMAT = dwarf;
				ENABLE_STRICT_OBJC_MSGSEND = YES;
				ENABLE_TESTABILITY = YES;
				GCC_C_LANGUAGE_STANDARD = gnu99;
				GCC_DYNAMIC_NO_PIC = NO;
				GCC_NO_COMMON_BLOCKS = YES;
				GCC_OPTIMIZATION_LEVEL = 0;
				GCC_PREPROCESSOR_DEFINITIONS = (
					"DEBUG=1",
					"$(inherited)",
				);
				GCC_WARN_64_TO_32_BIT_CONVERSION = YES;
				GCC_WARN_ABOUT_RETURN_TYPE = YES_ERROR;
				GCC_WARN_UNDECLARED_SELECTOR = YES;
				GCC_WARN_UNINITIALIZED_AUTOS = YES_AGGRESSIVE;
				GCC_WARN_UNUSED_FUNCTION = YES;
				GCC_WARN_UNUSED_VARIABLE = YES;
				IPHONEOS_DEPLOYMENT_TARGET = 10.3;
				MTL_ENABLE_DEBUG_INFO = YES;
				ONLY_ACTIVE_ARCH = YES;
				SDKROOT = iphoneos;
				SWIFT_ACTIVE_COMPILATION_CONDITIONS = DEBUG;
				SWIFT_OPTIMIZATION_LEVEL = "-Onone";
				TARGETED_DEVICE_FAMILY = "1,2";
			};
			name = Debug;
		};
		4C40794E1F18302200F9F49E /* Release */ = {
			isa = XCBuildConfiguration;
			buildSettings = {
				ALWAYS_SEARCH_USER_PATHS = NO;
				CLANG_ANALYZER_NONNULL = YES;
				CLANG_ANALYZER_NUMBER_OBJECT_CONVERSION = YES_AGGRESSIVE;
				CLANG_CXX_LANGUAGE_STANDARD = "gnu++0x";
				CLANG_CXX_LIBRARY = "libc++";
				CLANG_ENABLE_MODULES = YES;
				CLANG_ENABLE_OBJC_ARC = YES;
				CLANG_WARN_BOOL_CONVERSION = YES;
				CLANG_WARN_CONSTANT_CONVERSION = YES;
				CLANG_WARN_DIRECT_OBJC_ISA_USAGE = YES_ERROR;
				CLANG_WARN_DOCUMENTATION_COMMENTS = YES;
				CLANG_WARN_EMPTY_BODY = YES;
				CLANG_WARN_ENUM_CONVERSION = YES;
				CLANG_WARN_INFINITE_RECURSION = YES;
				CLANG_WARN_INT_CONVERSION = YES;
				CLANG_WARN_OBJC_ROOT_CLASS = YES_ERROR;
				CLANG_WARN_SUSPICIOUS_MOVE = YES;
				CLANG_WARN_UNREACHABLE_CODE = YES;
				CLANG_WARN__DUPLICATE_METHOD_MATCH = YES;
				"CODE_SIGN_IDENTITY[sdk=iphoneos*]" = "iPhone Developer";
				COPY_PHASE_STRIP = NO;
				DEBUG_INFORMATION_FORMAT = "dwarf-with-dsym";
				ENABLE_NS_ASSERTIONS = NO;
				ENABLE_STRICT_OBJC_MSGSEND = YES;
				GCC_C_LANGUAGE_STANDARD = gnu99;
				GCC_NO_COMMON_BLOCKS = YES;
				GCC_WARN_64_TO_32_BIT_CONVERSION = YES;
				GCC_WARN_ABOUT_RETURN_TYPE = YES_ERROR;
				GCC_WARN_UNDECLARED_SELECTOR = YES;
				GCC_WARN_UNINITIALIZED_AUTOS = YES_AGGRESSIVE;
				GCC_WARN_UNUSED_FUNCTION = YES;
				GCC_WARN_UNUSED_VARIABLE = YES;
				IPHONEOS_DEPLOYMENT_TARGET = 10.3;
				MTL_ENABLE_DEBUG_INFO = NO;
				SDKROOT = iphoneos;
				SWIFT_OPTIMIZATION_LEVEL = "-Owholemodule";
				TARGETED_DEVICE_FAMILY = "1,2";
				VALIDATE_PRODUCT = YES;
			};
			name = Release;
		};
		4C4079501F18302200F9F49E /* Debug */ = {
			isa = XCBuildConfiguration;
			buildSettings = {
				ASSETCATALOG_COMPILER_APPICON_NAME = AppIcon;
				DEVELOPMENT_TEAM = MFNQ54N2S6;
				INFOPLIST_FILE = fbMessenger/Info.plist;
				LD_RUNPATH_SEARCH_PATHS = "$(inherited) @executable_path/Frameworks";
				PRODUCT_BUNDLE_IDENTIFIER = com.MichaeLema.fbMessenger;
				PRODUCT_NAME = "$(TARGET_NAME)";
				SWIFT_VERSION = 3.0;
			};
			name = Debug;
		};
		4C4079511F18302200F9F49E /* Release */ = {
			isa = XCBuildConfiguration;
			buildSettings = {
				ASSETCATALOG_COMPILER_APPICON_NAME = AppIcon;
				DEVELOPMENT_TEAM = MFNQ54N2S6;
				INFOPLIST_FILE = fbMessenger/Info.plist;
				LD_RUNPATH_SEARCH_PATHS = "$(inherited) @executable_path/Frameworks";
				PRODUCT_BUNDLE_IDENTIFIER = com.MichaeLema.fbMessenger;
				PRODUCT_NAME = "$(TARGET_NAME)";
				SWIFT_VERSION = 3.0;
			};
			name = Release;
		};
/* End XCBuildConfiguration section */

/* Begin XCConfigurationList section */
		4C4079351F18302200F9F49E /* Build configuration list for PBXProject "fbMessenger" */ = {
			isa = XCConfigurationList;
			buildConfigurations = (
				4C40794D1F18302200F9F49E /* Debug */,
				4C40794E1F18302200F9F49E /* Release */,
			);
			defaultConfigurationIsVisible = 0;
			defaultConfigurationName = Release;
		};
		4C40794F1F18302200F9F49E /* Build configuration list for PBXNativeTarget "fbMessenger" */ = {
			isa = XCConfigurationList;
			buildConfigurations = (
				4C4079501F18302200F9F49E /* Debug */,
				4C4079511F18302200F9F49E /* Release */,
			);
			defaultConfigurationIsVisible = 0;
			defaultConfigurationName = Release;
		};
/* End XCConfigurationList section */

/* Begin XCVersionGroup section */
		4C4079441F18302200F9F49E /* fbMessenger.xcdatamodeld */ = {
			isa = XCVersionGroup;
			children = (
				4C4079451F18302200F9F49E /* fbMessenger.xcdatamodel */,
			);
			currentVersion = 4C4079451F18302200F9F49E /* fbMessenger.xcdatamodel */;
			path = fbMessenger.xcdatamodeld;
			sourceTree = "<group>";
			versionGroupType = wrapper.xcdatamodel;
		};
/* End XCVersionGroup section */
	};
	rootObject = 4C4079321F18302200F9F49E /* Project object */;
}
